# This file was autogenerated by Stack.
# You should not edit this file by hand.
# For more information, please see the documentation at:
#   https://docs.haskellstack.org/en/stable/lock_files

packages:
- completed:
    name: tophat
    version: 0.2.0.0
    git: https://github.com/timjs/tophat-haskell
    pantry-tree:
      size: 1766
      sha256: 9b5202855416427c82baa8bdf9b78c0560b2934106ad60f4f4d5de73a47ee976
    commit: c888216ce45d01a5d792abd4370b8168df7f9f9d
  original:
    git: https://github.com/timjs/tophat-haskell
    commit: c888216ce45d01a5d792abd4370b8168df7f9f9d
- completed:
    hackage: base-noprelude-4.13.0.0@sha256:3cccbfda38e1422ca5cc436d58858ba51ff9114d2ed87915a6569be11e4e5a90,6842
    pantry-tree:
      size: 112
      sha256: 90db92c8401880187ce642c5345407bcbd9546ea235524dd445cab2566ee3db1
  original:
    hackage: base-noprelude-4.13.0.0@sha256:3cccbfda38e1422ca5cc436d58858ba51ff9114d2ed87915a6569be11e4e5a90,6842
- completed:
    hackage: lens-simple-0.1.0.9@sha256:3a4dd8038cba624793d18667e95f91cdd5ed7b7607fea2b51a432bd51dc34ece,5626
    pantry-tree:
      size: 306
      sha256: 071480a5f9b0381700f33fae8329cf58a7ab721cb0cbe719e8854d913d842f43
  original:
    hackage: lens-simple-0.1.0.9@sha256:3a4dd8038cba624793d18667e95f91cdd5ed7b7607fea2b51a432bd51dc34ece,5626
- completed:
    hackage: polysemy-1.5.0.0@sha256:7edb723e7f703fe273a40e43fe33f6e8f7659fe60759e8698def1481262d314d,6246
    pantry-tree:
      size: 4438
      sha256: 7b7d379751f79f0e0e5afcdf3d8092e5b8e04515710f21f514aa8f29ce4835f4
  original:
    hackage: polysemy-1.5.0.0@sha256:7edb723e7f703fe273a40e43fe33f6e8f7659fe60759e8698def1481262d314d,6246
- completed:
    hackage: polysemy-plugin-0.3.0.0@sha256:22e7553d0fddb48d9484ba1c71d2ed825213fcb214866d9b502ee02bfb960cb4,3121
    pantry-tree:
      size: 1162
      sha256: 8d0bbea846d4410b769687daa8595ff1349efd02c1ab528a857883388dd2db45
  original:
    hackage: polysemy-plugin-0.3.0.0@sha256:22e7553d0fddb48d9484ba1c71d2ed825213fcb214866d9b502ee02bfb960cb4,3121
- completed:
    hackage: lens-family-1.2.3@sha256:84dba69484c78dd2115243dd7585166356c2bceedb0cf4bbd7ea5082af919327,1764
    pantry-tree:
      size: 610
      sha256: b45618217b08c2559ca91cac8669920bab8aadaff4bcb5ef56c5c7ccd42dee83
  original:
    hackage: lens-family-1.2.3@sha256:84dba69484c78dd2115243dd7585166356c2bceedb0cf4bbd7ea5082af919327,1764
- completed:
    hackage: lens-family-core-1.2.3@sha256:447c296620a861b5a9bb4d3caf0ebe37933a3eb901eb8bf553da8eac82ea19e4,2008
    pantry-tree:
      size: 878
      sha256: 1b4874092955dfc7b6d73610f64cdb2cb7fe644eeeac4196f9f736215678bcc7
  original:
    hackage: lens-family-core-1.2.3@sha256:447c296620a861b5a9bb4d3caf0ebe37933a3eb901eb8bf553da8eac82ea19e4,2008
snapshots:
- completed:
    size: 534126
    url: https://raw.githubusercontent.com/commercialhaskell/stackage-snapshots/master/lts/16/31.yaml
    sha256: 637fb77049b25560622a224845b7acfe81a09fdb6a96a3c75997a10b651667f6
  original: lts-16.31
